// !$*UTF8*$!
{
	archiveVersion = 1;
	classes = {
	};
	objectVersion = 56;
	objects = {

/* Begin PBXBuildFile section */
		55015D202ABCB02F0048553F /* AppDelegate.swift in Sources */ = {isa = PBXBuildFile; fileRef = 55015D1F2ABCB02F0048553F /* AppDelegate.swift */; };
		55015D222ABCB02F0048553F /* SceneDelegate.swift in Sources */ = {isa = PBXBuildFile; fileRef = 55015D212ABCB02F0048553F /* SceneDelegate.swift */; };
		55015D292ABCB0300048553F /* Assets.xcassets in Resources */ = {isa = PBXBuildFile; fileRef = 55015D282ABCB0300048553F /* Assets.xcassets */; };
		55015D2C2ABCB0300048553F /* LaunchScreen.storyboard in Resources */ = {isa = PBXBuildFile; fileRef = 55015D2A2ABCB0300048553F /* LaunchScreen.storyboard */; };
		55015D412ABCB1070048553F /* StatefulView.swift in Sources */ = {isa = PBXBuildFile; fileRef = 55015D382ABCB1070048553F /* StatefulView.swift */; };
		55015D422ABCB1070048553F /* CustomLogDescriptionConvertible.swift in Sources */ = {isa = PBXBuildFile; fileRef = 55015D392ABCB1070048553F /* CustomLogDescriptionConvertible.swift */; };
		55015D432ABCB1070048553F /* GenericState.swift in Sources */ = {isa = PBXBuildFile; fileRef = 55015D3A2ABCB1070048553F /* GenericState.swift */; };
		55015D442ABCB1070048553F /* GenericViewState.swift in Sources */ = {isa = PBXBuildFile; fileRef = 55015D3B2ABCB1070048553F /* GenericViewState.swift */; };
		55015D452ABCB1070048553F /* CustomOperators.swift in Sources */ = {isa = PBXBuildFile; fileRef = 55015D3C2ABCB1070048553F /* CustomOperators.swift */; };
		55015D462ABCB1070048553F /* ViewModel.swift in Sources */ = {isa = PBXBuildFile; fileRef = 55015D3D2ABCB1070048553F /* ViewModel.swift */; };
		55015D472ABCB1070048553F /* StateSubscription.swift in Sources */ = {isa = PBXBuildFile; fileRef = 55015D3E2ABCB1070048553F /* StateSubscription.swift */; };
		55015D482ABCB1070048553F /* State.swift in Sources */ = {isa = PBXBuildFile; fileRef = 55015D3F2ABCB1070048553F /* State.swift */; };
		55015D492ABCB1070048553F /* Store.swift in Sources */ = {isa = PBXBuildFile; fileRef = 55015D402ABCB1070048553F /* Store.swift */; };
		5523E8B62ABCBBB3002F679D /* ListAllCoinViewBuilder.swift in Sources */ = {isa = PBXBuildFile; fileRef = 5523E8B22ABCBBB3002F679D /* ListAllCoinViewBuilder.swift */; };
		5523E8B72ABCBBB3002F679D /* ListAllCoinViewStates.swift in Sources */ = {isa = PBXBuildFile; fileRef = 5523E8B32ABCBBB3002F679D /* ListAllCoinViewStates.swift */; };
		5523E8B82ABCBBB3002F679D /* ListAllCoinViewController.swift in Sources */ = {isa = PBXBuildFile; fileRef = 5523E8B42ABCBBB3002F679D /* ListAllCoinViewController.swift */; };
		5523E8B92ABCBBB3002F679D /* ListAllCoinViewModel.swift in Sources */ = {isa = PBXBuildFile; fileRef = 5523E8B52ABCBBB3002F679D /* ListAllCoinViewModel.swift */; };
		5540D70E2ABF41D100C081E5 /* CoinDetailsViewBuilder.swift in Sources */ = {isa = PBXBuildFile; fileRef = 5540D70A2ABF41D100C081E5 /* CoinDetailsViewBuilder.swift */; };
		5540D70F2ABF41D100C081E5 /* CoinDetailsViewStates.swift in Sources */ = {isa = PBXBuildFile; fileRef = 5540D70B2ABF41D100C081E5 /* CoinDetailsViewStates.swift */; };
		5540D7102ABF41D100C081E5 /* CoinDetailsViewController.swift in Sources */ = {isa = PBXBuildFile; fileRef = 5540D70C2ABF41D100C081E5 /* CoinDetailsViewController.swift */; };
		5540D7112ABF41D100C081E5 /* CoinDetailsViewModel.swift in Sources */ = {isa = PBXBuildFile; fileRef = 5540D70D2ABF41D100C081E5 /* CoinDetailsViewModel.swift */; };
		5540D7132ABF422E00C081E5 /* CoinDetailsServiceable.swift in Sources */ = {isa = PBXBuildFile; fileRef = 5540D7122ABF422E00C081E5 /* CoinDetailsServiceable.swift */; };
		5543D2EF2ABCB27A002E3668 /* RequestError.swift in Sources */ = {isa = PBXBuildFile; fileRef = 5543D2EB2ABCB27A002E3668 /* RequestError.swift */; };
		5543D2F02ABCB27A002E3668 /* HttpClient.swift in Sources */ = {isa = PBXBuildFile; fileRef = 5543D2EC2ABCB27A002E3668 /* HttpClient.swift */; };
		5543D2F12ABCB27A002E3668 /* Endpoint.swift in Sources */ = {isa = PBXBuildFile; fileRef = 5543D2ED2ABCB27A002E3668 /* Endpoint.swift */; };
		5543D2F22ABCB27A002E3668 /* RequestMethods.swift in Sources */ = {isa = PBXBuildFile; fileRef = 5543D2EE2ABCB27A002E3668 /* RequestMethods.swift */; };
		5543D2F72ABCB498002E3668 /* ListAllMarketInfo.swift in Sources */ = {isa = PBXBuildFile; fileRef = 5543D2F62ABCB498002E3668 /* ListAllMarketInfo.swift */; };
		5543D2FD2ABCB551002E3668 /* GetASpecificTickerInfo.swift in Sources */ = {isa = PBXBuildFile; fileRef = 5543D2FC2ABCB551002E3668 /* GetASpecificTickerInfo.swift */; };
		5543D2FF2ABCB57F002E3668 /* MarketInfoModel.swift in Sources */ = {isa = PBXBuildFile; fileRef = 5543D2FE2ABCB57F002E3668 /* MarketInfoModel.swift */; };
		5543D3032ABCB675002E3668 /* TickersInfoModel.swift in Sources */ = {isa = PBXBuildFile; fileRef = 5543D3022ABCB675002E3668 /* TickersInfoModel.swift */; };
		5543D3072ABCBAB6002E3668 /* CoordinatorProtocol.swift in Sources */ = {isa = PBXBuildFile; fileRef = 5543D3062ABCBAB6002E3668 /* CoordinatorProtocol.swift */; };
		5543D3092ABCBAC1002E3668 /* Coordinator.swift in Sources */ = {isa = PBXBuildFile; fileRef = 5543D3082ABCBAC1002E3668 /* Coordinator.swift */; };
		5543D30E2ABCBB04002E3668 /* UIView+Extension.swift in Sources */ = {isa = PBXBuildFile; fileRef = 5543D30B2ABCBB04002E3668 /* UIView+Extension.swift */; };
		5543D3102ABCBB04002E3668 /* UIViewController+Extension.swift in Sources */ = {isa = PBXBuildFile; fileRef = 5543D30D2ABCBB04002E3668 /* UIViewController+Extension.swift */; };
		556DC1042ABD96DA0085D984 /* ListAllCoinServiceable.swift in Sources */ = {isa = PBXBuildFile; fileRef = 556DC1032ABD96DA0085D984 /* ListAllCoinServiceable.swift */; };
		556DC1082ABD99D10085D984 /* ListAllCoinTableViewCell.swift in Sources */ = {isa = PBXBuildFile; fileRef = 556DC1072ABD99D10085D984 /* ListAllCoinTableViewCell.swift */; };
		556DC10B2ABD9A010085D984 /* SnapKit in Frameworks */ = {isa = PBXBuildFile; productRef = 556DC10A2ABD9A010085D984 /* SnapKit */; };
		556DC1122ABDACFC0085D984 /* ListAllCoinTableViewCellItems.swift in Sources */ = {isa = PBXBuildFile; fileRef = 556DC1112ABDACFC0085D984 /* ListAllCoinTableViewCellItems.swift */; };
		556DC1142ABDB3AE0085D984 /* EmptyView.swift in Sources */ = {isa = PBXBuildFile; fileRef = 556DC1132ABDB3AE0085D984 /* EmptyView.swift */; };
		556DC1162ABDB3CE0085D984 /* EmptyViewItems.swift in Sources */ = {isa = PBXBuildFile; fileRef = 556DC1152ABDB3CE0085D984 /* EmptyViewItems.swift */; };
		556DC1182ABDD1580085D984 /* Encodable+Extension.swift in Sources */ = {isa = PBXBuildFile; fileRef = 556DC1172ABDD1580085D984 /* Encodable+Extension.swift */; };
		55F4267E2ABE0BE100E4C1EC /* Dictionary+Extension.swift in Sources */ = {isa = PBXBuildFile; fileRef = 55F4267D2ABE0BE100E4C1EC /* Dictionary+Extension.swift */; };
/* End PBXBuildFile section */

/* Begin PBXFileReference section */
		55015D1C2ABCB02F0048553F /* CryptoChu.app */ = {isa = PBXFileReference; explicitFileType = wrapper.application; includeInIndex = 0; path = CryptoChu.app; sourceTree = BUILT_PRODUCTS_DIR; };
		55015D1F2ABCB02F0048553F /* AppDelegate.swift */ = {isa = PBXFileReference; lastKnownFileType = sourcecode.swift; path = AppDelegate.swift; sourceTree = "<group>"; };
		55015D212ABCB02F0048553F /* SceneDelegate.swift */ = {isa = PBXFileReference; lastKnownFileType = sourcecode.swift; path = SceneDelegate.swift; sourceTree = "<group>"; };
		55015D282ABCB0300048553F /* Assets.xcassets */ = {isa = PBXFileReference; lastKnownFileType = folder.assetcatalog; path = Assets.xcassets; sourceTree = "<group>"; };
		55015D2B2ABCB0300048553F /* Base */ = {isa = PBXFileReference; lastKnownFileType = file.storyboard; name = Base; path = Base.lproj/LaunchScreen.storyboard; sourceTree = "<group>"; };
		55015D2D2ABCB0300048553F /* Info.plist */ = {isa = PBXFileReference; lastKnownFileType = text.plist.xml; path = Info.plist; sourceTree = "<group>"; };
		55015D382ABCB1070048553F /* StatefulView.swift */ = {isa = PBXFileReference; fileEncoding = 4; lastKnownFileType = sourcecode.swift; path = StatefulView.swift; sourceTree = "<group>"; };
		55015D392ABCB1070048553F /* CustomLogDescriptionConvertible.swift */ = {isa = PBXFileReference; fileEncoding = 4; lastKnownFileType = sourcecode.swift; path = CustomLogDescriptionConvertible.swift; sourceTree = "<group>"; };
		55015D3A2ABCB1070048553F /* GenericState.swift */ = {isa = PBXFileReference; fileEncoding = 4; lastKnownFileType = sourcecode.swift; path = GenericState.swift; sourceTree = "<group>"; };
		55015D3B2ABCB1070048553F /* GenericViewState.swift */ = {isa = PBXFileReference; fileEncoding = 4; lastKnownFileType = sourcecode.swift; path = GenericViewState.swift; sourceTree = "<group>"; };
		55015D3C2ABCB1070048553F /* CustomOperators.swift */ = {isa = PBXFileReference; fileEncoding = 4; lastKnownFileType = sourcecode.swift; path = CustomOperators.swift; sourceTree = "<group>"; };
		55015D3D2ABCB1070048553F /* ViewModel.swift */ = {isa = PBXFileReference; fileEncoding = 4; lastKnownFileType = sourcecode.swift; path = ViewModel.swift; sourceTree = "<group>"; };
		55015D3E2ABCB1070048553F /* StateSubscription.swift */ = {isa = PBXFileReference; fileEncoding = 4; lastKnownFileType = sourcecode.swift; path = StateSubscription.swift; sourceTree = "<group>"; };
		55015D3F2ABCB1070048553F /* State.swift */ = {isa = PBXFileReference; fileEncoding = 4; lastKnownFileType = sourcecode.swift; path = State.swift; sourceTree = "<group>"; };
		55015D402ABCB1070048553F /* Store.swift */ = {isa = PBXFileReference; fileEncoding = 4; lastKnownFileType = sourcecode.swift; path = Store.swift; sourceTree = "<group>"; };
		5523E8B22ABCBBB3002F679D /* ListAllCoinViewBuilder.swift */ = {isa = PBXFileReference; lastKnownFileType = sourcecode.swift; path = ListAllCoinViewBuilder.swift; sourceTree = "<group>"; };
		5523E8B32ABCBBB3002F679D /* ListAllCoinViewStates.swift */ = {isa = PBXFileReference; lastKnownFileType = sourcecode.swift; path = ListAllCoinViewStates.swift; sourceTree = "<group>"; };
		5523E8B42ABCBBB3002F679D /* ListAllCoinViewController.swift */ = {isa = PBXFileReference; lastKnownFileType = sourcecode.swift; path = ListAllCoinViewController.swift; sourceTree = "<group>"; };
		5523E8B52ABCBBB3002F679D /* ListAllCoinViewModel.swift */ = {isa = PBXFileReference; lastKnownFileType = sourcecode.swift; path = ListAllCoinViewModel.swift; sourceTree = "<group>"; };
		5540D70A2ABF41D100C081E5 /* CoinDetailsViewBuilder.swift */ = {isa = PBXFileReference; lastKnownFileType = sourcecode.swift; path = CoinDetailsViewBuilder.swift; sourceTree = "<group>"; };
		5540D70B2ABF41D100C081E5 /* CoinDetailsViewStates.swift */ = {isa = PBXFileReference; lastKnownFileType = sourcecode.swift; path = CoinDetailsViewStates.swift; sourceTree = "<group>"; };
		5540D70C2ABF41D100C081E5 /* CoinDetailsViewController.swift */ = {isa = PBXFileReference; lastKnownFileType = sourcecode.swift; path = CoinDetailsViewController.swift; sourceTree = "<group>"; };
		5540D70D2ABF41D100C081E5 /* CoinDetailsViewModel.swift */ = {isa = PBXFileReference; lastKnownFileType = sourcecode.swift; path = CoinDetailsViewModel.swift; sourceTree = "<group>"; };
		5540D7122ABF422E00C081E5 /* CoinDetailsServiceable.swift */ = {isa = PBXFileReference; lastKnownFileType = sourcecode.swift; path = CoinDetailsServiceable.swift; sourceTree = "<group>"; };
		5543D2EB2ABCB27A002E3668 /* RequestError.swift */ = {isa = PBXFileReference; fileEncoding = 4; lastKnownFileType = sourcecode.swift; path = RequestError.swift; sourceTree = "<group>"; };
		5543D2EC2ABCB27A002E3668 /* HttpClient.swift */ = {isa = PBXFileReference; fileEncoding = 4; lastKnownFileType = sourcecode.swift; path = HttpClient.swift; sourceTree = "<group>"; };
		5543D2ED2ABCB27A002E3668 /* Endpoint.swift */ = {isa = PBXFileReference; fileEncoding = 4; lastKnownFileType = sourcecode.swift; path = Endpoint.swift; sourceTree = "<group>"; };
		5543D2EE2ABCB27A002E3668 /* RequestMethods.swift */ = {isa = PBXFileReference; fileEncoding = 4; lastKnownFileType = sourcecode.swift; path = RequestMethods.swift; sourceTree = "<group>"; };
		5543D2F62ABCB498002E3668 /* ListAllMarketInfo.swift */ = {isa = PBXFileReference; lastKnownFileType = sourcecode.swift; path = ListAllMarketInfo.swift; sourceTree = "<group>"; };
		5543D2FC2ABCB551002E3668 /* GetASpecificTickerInfo.swift */ = {isa = PBXFileReference; lastKnownFileType = sourcecode.swift; path = GetASpecificTickerInfo.swift; sourceTree = "<group>"; };
		5543D2FE2ABCB57F002E3668 /* MarketInfoModel.swift */ = {isa = PBXFileReference; lastKnownFileType = sourcecode.swift; path = MarketInfoModel.swift; sourceTree = "<group>"; };
		5543D3022ABCB675002E3668 /* TickersInfoModel.swift */ = {isa = PBXFileReference; lastKnownFileType = sourcecode.swift; path = TickersInfoModel.swift; sourceTree = "<group>"; };
		5543D3062ABCBAB6002E3668 /* CoordinatorProtocol.swift */ = {isa = PBXFileReference; lastKnownFileType = sourcecode.swift; path = CoordinatorProtocol.swift; sourceTree = "<group>"; };
		5543D3082ABCBAC1002E3668 /* Coordinator.swift */ = {isa = PBXFileReference; lastKnownFileType = sourcecode.swift; path = Coordinator.swift; sourceTree = "<group>"; };
		5543D30B2ABCBB04002E3668 /* UIView+Extension.swift */ = {isa = PBXFileReference; fileEncoding = 4; lastKnownFileType = sourcecode.swift; path = "UIView+Extension.swift"; sourceTree = "<group>"; };
		5543D30D2ABCBB04002E3668 /* UIViewController+Extension.swift */ = {isa = PBXFileReference; fileEncoding = 4; lastKnownFileType = sourcecode.swift; path = "UIViewController+Extension.swift"; sourceTree = "<group>"; };
		556DC1032ABD96DA0085D984 /* ListAllCoinServiceable.swift */ = {isa = PBXFileReference; lastKnownFileType = sourcecode.swift; path = ListAllCoinServiceable.swift; sourceTree = "<group>"; };
		556DC1072ABD99D10085D984 /* ListAllCoinTableViewCell.swift */ = {isa = PBXFileReference; lastKnownFileType = sourcecode.swift; path = ListAllCoinTableViewCell.swift; sourceTree = "<group>"; };
		556DC1112ABDACFC0085D984 /* ListAllCoinTableViewCellItems.swift */ = {isa = PBXFileReference; lastKnownFileType = sourcecode.swift; path = ListAllCoinTableViewCellItems.swift; sourceTree = "<group>"; };
		556DC1132ABDB3AE0085D984 /* EmptyView.swift */ = {isa = PBXFileReference; lastKnownFileType = sourcecode.swift; path = EmptyView.swift; sourceTree = "<group>"; };
		556DC1152ABDB3CE0085D984 /* EmptyViewItems.swift */ = {isa = PBXFileReference; lastKnownFileType = sourcecode.swift; path = EmptyViewItems.swift; sourceTree = "<group>"; };
		556DC1172ABDD1580085D984 /* Encodable+Extension.swift */ = {isa = PBXFileReference; lastKnownFileType = sourcecode.swift; path = "Encodable+Extension.swift"; sourceTree = "<group>"; };
		55F4267D2ABE0BE100E4C1EC /* Dictionary+Extension.swift */ = {isa = PBXFileReference; lastKnownFileType = sourcecode.swift; path = "Dictionary+Extension.swift"; sourceTree = "<group>"; };
/* End PBXFileReference section */

/* Begin PBXFrameworksBuildPhase section */
		55015D192ABCB02F0048553F /* Frameworks */ = {
			isa = PBXFrameworksBuildPhase;
			buildActionMask = 2147483647;
			files = (
				556DC10B2ABD9A010085D984 /* SnapKit in Frameworks */,
			);
			runOnlyForDeploymentPostprocessing = 0;
		};
/* End PBXFrameworksBuildPhase section */

/* Begin PBXGroup section */
		55015D132ABCB02F0048553F = {
			isa = PBXGroup;
			children = (
				55015D1E2ABCB02F0048553F /* CryptoChu */,
				55015D1D2ABCB02F0048553F /* Products */,
			);
			sourceTree = "<group>";
		};
		55015D1D2ABCB02F0048553F /* Products */ = {
			isa = PBXGroup;
			children = (
				55015D1C2ABCB02F0048553F /* CryptoChu.app */,
			);
			name = Products;
			sourceTree = "<group>";
		};
		55015D1E2ABCB02F0048553F /* CryptoChu */ = {
			isa = PBXGroup;
			children = (
				5543D3122ABCBB78002E3668 /* Views */,
				5543D3112ABCBB73002E3668 /* Screens */,
				5543D30A2ABCBAEC002E3668 /* Extensions */,
				55015D4A2ABCB1210048553F /* Service */,
				55015D342ABCB0D50048553F /* Core */,
				55015D282ABCB0300048553F /* Assets.xcassets */,
				55015D2D2ABCB0300048553F /* Info.plist */,
			);
			path = CryptoChu;
			sourceTree = "<group>";
		};
		55015D332ABCB0C90048553F /* App */ = {
			isa = PBXGroup;
			children = (
				55015D1F2ABCB02F0048553F /* AppDelegate.swift */,
				55015D212ABCB02F0048553F /* SceneDelegate.swift */,
				55015D2A2ABCB0300048553F /* LaunchScreen.storyboard */,
			);
			path = App;
			sourceTree = "<group>";
		};
		55015D342ABCB0D50048553F /* Core */ = {
			isa = PBXGroup;
			children = (
				55015D332ABCB0C90048553F /* App */,
				5543D3052ABCBA98002E3668 /* Coordinator */,
				55015D362ABCB0DF0048553F /* Stateful */,
			);
			path = Core;
			sourceTree = "<group>";
		};
		55015D362ABCB0DF0048553F /* Stateful */ = {
			isa = PBXGroup;
			children = (
				55015D392ABCB1070048553F /* CustomLogDescriptionConvertible.swift */,
				55015D3C2ABCB1070048553F /* CustomOperators.swift */,
				55015D3A2ABCB1070048553F /* GenericState.swift */,
				55015D3B2ABCB1070048553F /* GenericViewState.swift */,
				55015D3F2ABCB1070048553F /* State.swift */,
				55015D382ABCB1070048553F /* StatefulView.swift */,
				55015D3E2ABCB1070048553F /* StateSubscription.swift */,
				55015D402ABCB1070048553F /* Store.swift */,
				55015D3D2ABCB1070048553F /* ViewModel.swift */,
			);
			path = Stateful;
			sourceTree = "<group>";
		};
		55015D4A2ABCB1210048553F /* Service */ = {
			isa = PBXGroup;
			children = (
				5543D3042ABCB7D4002E3668 /* Serviceables */,
				5543D2F52ABCB424002E3668 /* Endpoins */,
				5543D2F32ABCB404002E3668 /* Models */,
				5543D2EA2ABCB25F002E3668 /* Network */,
			);
			path = Service;
			sourceTree = "<group>";
		};
		5523E8B12ABCBB9D002F679D /* ListAllCoin */ = {
			isa = PBXGroup;
			children = (
				5523E8B22ABCBBB3002F679D /* ListAllCoinViewBuilder.swift */,
				5523E8B32ABCBBB3002F679D /* ListAllCoinViewStates.swift */,
				5523E8B42ABCBBB3002F679D /* ListAllCoinViewController.swift */,
				5523E8B52ABCBBB3002F679D /* ListAllCoinViewModel.swift */,
			);
			path = ListAllCoin;
			sourceTree = "<group>";
		};
		5540D7092ABF41B700C081E5 /* CoinDetails */ = {
			isa = PBXGroup;
			children = (
				5540D70A2ABF41D100C081E5 /* CoinDetailsViewBuilder.swift */,
				5540D70B2ABF41D100C081E5 /* CoinDetailsViewStates.swift */,
				5540D70C2ABF41D100C081E5 /* CoinDetailsViewController.swift */,
				5540D70D2ABF41D100C081E5 /* CoinDetailsViewModel.swift */,
			);
			path = CoinDetails;
			sourceTree = "<group>";
		};
		5543D2EA2ABCB25F002E3668 /* Network */ = {
			isa = PBXGroup;
			children = (
				5543D2ED2ABCB27A002E3668 /* Endpoint.swift */,
				5543D2EC2ABCB27A002E3668 /* HttpClient.swift */,
				5543D2EB2ABCB27A002E3668 /* RequestError.swift */,
				5543D2EE2ABCB27A002E3668 /* RequestMethods.swift */,
			);
			path = Network;
			sourceTree = "<group>";
		};
		5543D2F32ABCB404002E3668 /* Models */ = {
			isa = PBXGroup;
			children = (
				5543D2F42ABCB408002E3668 /* Response */,
			);
			path = Models;
			sourceTree = "<group>";
		};
		5543D2F42ABCB408002E3668 /* Response */ = {
			isa = PBXGroup;
			children = (
				5543D2FE2ABCB57F002E3668 /* MarketInfoModel.swift */,
				5543D3022ABCB675002E3668 /* TickersInfoModel.swift */,
			);
			path = Response;
			sourceTree = "<group>";
		};
		5543D2F52ABCB424002E3668 /* Endpoins */ = {
			isa = PBXGroup;
			children = (
				5543D2F62ABCB498002E3668 /* ListAllMarketInfo.swift */,
				5543D2FC2ABCB551002E3668 /* GetASpecificTickerInfo.swift */,
			);
			path = Endpoins;
			sourceTree = "<group>";
		};
		5543D3042ABCB7D4002E3668 /* Serviceables */ = {
			isa = PBXGroup;
			children = (
				556DC1032ABD96DA0085D984 /* ListAllCoinServiceable.swift */,
				5540D7122ABF422E00C081E5 /* CoinDetailsServiceable.swift */,
			);
			path = Serviceables;
			sourceTree = "<group>";
		};
		5543D3052ABCBA98002E3668 /* Coordinator */ = {
			isa = PBXGroup;
			children = (
				5543D3062ABCBAB6002E3668 /* CoordinatorProtocol.swift */,
				5543D3082ABCBAC1002E3668 /* Coordinator.swift */,
			);
			path = Coordinator;
			sourceTree = "<group>";
		};
		5543D30A2ABCBAEC002E3668 /* Extensions */ = {
			isa = PBXGroup;
			children = (
				5543D30B2ABCBB04002E3668 /* UIView+Extension.swift */,
				5543D30D2ABCBB04002E3668 /* UIViewController+Extension.swift */,
				556DC1172ABDD1580085D984 /* Encodable+Extension.swift */,
				55F4267D2ABE0BE100E4C1EC /* Dictionary+Extension.swift */,
			);
			path = Extensions;
			sourceTree = "<group>";
		};
		5543D3112ABCBB73002E3668 /* Screens */ = {
			isa = PBXGroup;
			children = (
				5540D7092ABF41B700C081E5 /* CoinDetails */,
				5523E8B12ABCBB9D002F679D /* ListAllCoin */,
			);
			path = Screens;
			sourceTree = "<group>";
		};
		5543D3122ABCBB78002E3668 /* Views */ = {
			isa = PBXGroup;
			children = (
				556DC1052ABD99A80085D984 /* Cells */,
			);
			path = Views;
			sourceTree = "<group>";
		};
		556DC1052ABD99A80085D984 /* Cells */ = {
			isa = PBXGroup;
			children = (
				556DC10C2ABD9CC60085D984 /* CustomViews */,
				556DC1062ABD99AF0085D984 /* TableViewCells */,
			);
			path = Cells;
			sourceTree = "<group>";
		};
		556DC1062ABD99AF0085D984 /* TableViewCells */ = {
			isa = PBXGroup;
			children = (
				556DC1072ABD99D10085D984 /* ListAllCoinTableViewCell.swift */,
				556DC1112ABDACFC0085D984 /* ListAllCoinTableViewCellItems.swift */,
			);
			path = TableViewCells;
			sourceTree = "<group>";
		};
		556DC10C2ABD9CC60085D984 /* CustomViews */ = {
			isa = PBXGroup;
			children = (
				556DC1132ABDB3AE0085D984 /* EmptyView.swift */,
				556DC1152ABDB3CE0085D984 /* EmptyViewItems.swift */,
			);
			path = CustomViews;
			sourceTree = "<group>";
		};
/* End PBXGroup section */

/* Begin PBXNativeTarget section */
		55015D1B2ABCB02F0048553F /* CryptoChu */ = {
			isa = PBXNativeTarget;
			buildConfigurationList = 55015D302ABCB0300048553F /* Build configuration list for PBXNativeTarget "CryptoChu" */;
			buildPhases = (
				55015D182ABCB02F0048553F /* Sources */,
				55015D192ABCB02F0048553F /* Frameworks */,
				55015D1A2ABCB02F0048553F /* Resources */,
			);
			buildRules = (
			);
			dependencies = (
			);
			name = CryptoChu;
			packageProductDependencies = (
				556DC10A2ABD9A010085D984 /* SnapKit */,
			);
			productName = CryptoChu;
			productReference = 55015D1C2ABCB02F0048553F /* CryptoChu.app */;
			productType = "com.apple.product-type.application";
		};
/* End PBXNativeTarget section */

/* Begin PBXProject section */
		55015D142ABCB02F0048553F /* Project object */ = {
			isa = PBXProject;
			attributes = {
				BuildIndependentTargetsInParallel = 1;
				LastSwiftUpdateCheck = 1420;
				LastUpgradeCheck = 1420;
				TargetAttributes = {
					55015D1B2ABCB02F0048553F = {
						CreatedOnToolsVersion = 14.2;
					};
				};
			};
			buildConfigurationList = 55015D172ABCB02F0048553F /* Build configuration list for PBXProject "CryptoChu" */;
			compatibilityVersion = "Xcode 14.0";
			developmentRegion = en;
			hasScannedForEncodings = 0;
			knownRegions = (
				en,
				Base,
			);
			mainGroup = 55015D132ABCB02F0048553F;
			packageReferences = (
				556DC1092ABD9A010085D984 /* XCRemoteSwiftPackageReference "SnapKit" */,
			);
			productRefGroup = 55015D1D2ABCB02F0048553F /* Products */;
			projectDirPath = "";
			projectRoot = "";
			targets = (
				55015D1B2ABCB02F0048553F /* CryptoChu */,
			);
		};
/* End PBXProject section */

/* Begin PBXResourcesBuildPhase section */
		55015D1A2ABCB02F0048553F /* Resources */ = {
			isa = PBXResourcesBuildPhase;
			buildActionMask = 2147483647;
			files = (
				55015D2C2ABCB0300048553F /* LaunchScreen.storyboard in Resources */,
				55015D292ABCB0300048553F /* Assets.xcassets in Resources */,
			);
			runOnlyForDeploymentPostprocessing = 0;
		};
/* End PBXResourcesBuildPhase section */

/* Begin PBXSourcesBuildPhase section */
		55015D182ABCB02F0048553F /* Sources */ = {
			isa = PBXSourcesBuildPhase;
			buildActionMask = 2147483647;
			files = (
				5543D2F12ABCB27A002E3668 /* Endpoint.swift in Sources */,
				5523E8B62ABCBBB3002F679D /* ListAllCoinViewBuilder.swift in Sources */,
				55015D472ABCB1070048553F /* StateSubscription.swift in Sources */,
				556DC1182ABDD1580085D984 /* Encodable+Extension.swift in Sources */,
				55015D442ABCB1070048553F /* GenericViewState.swift in Sources */,
				5540D70F2ABF41D100C081E5 /* CoinDetailsViewStates.swift in Sources */,
				5540D7132ABF422E00C081E5 /* CoinDetailsServiceable.swift in Sources */,
				556DC1082ABD99D10085D984 /* ListAllCoinTableViewCell.swift in Sources */,
				5543D2FD2ABCB551002E3668 /* GetASpecificTickerInfo.swift in Sources */,
				55015D202ABCB02F0048553F /* AppDelegate.swift in Sources */,
				5543D3072ABCBAB6002E3668 /* CoordinatorProtocol.swift in Sources */,
				55015D482ABCB1070048553F /* State.swift in Sources */,
				55015D412ABCB1070048553F /* StatefulView.swift in Sources */,
				55015D422ABCB1070048553F /* CustomLogDescriptionConvertible.swift in Sources */,
				5540D70E2ABF41D100C081E5 /* CoinDetailsViewBuilder.swift in Sources */,
				5543D2F72ABCB498002E3668 /* ListAllMarketInfo.swift in Sources */,
				55015D492ABCB1070048553F /* Store.swift in Sources */,
				556DC1122ABDACFC0085D984 /* ListAllCoinTableViewCellItems.swift in Sources */,
				5543D2F02ABCB27A002E3668 /* HttpClient.swift in Sources */,
				5543D2FF2ABCB57F002E3668 /* MarketInfoModel.swift in Sources */,
				5523E8B82ABCBBB3002F679D /* ListAllCoinViewController.swift in Sources */,
				5543D3102ABCBB04002E3668 /* UIViewController+Extension.swift in Sources */,
				55015D222ABCB02F0048553F /* SceneDelegate.swift in Sources */,
				556DC1042ABD96DA0085D984 /* ListAllCoinServiceable.swift in Sources */,
				5543D3032ABCB675002E3668 /* TickersInfoModel.swift in Sources */,
				55F4267E2ABE0BE100E4C1EC /* Dictionary+Extension.swift in Sources */,
				5543D2F22ABCB27A002E3668 /* RequestMethods.swift in Sources */,
				5523E8B72ABCBBB3002F679D /* ListAllCoinViewStates.swift in Sources */,
				556DC1142ABDB3AE0085D984 /* EmptyView.swift in Sources */,
				5523E8B92ABCBBB3002F679D /* ListAllCoinViewModel.swift in Sources */,
				5543D3092ABCBAC1002E3668 /* Coordinator.swift in Sources */,
				5543D30E2ABCBB04002E3668 /* UIView+Extension.swift in Sources */,
				5540D7112ABF41D100C081E5 /* CoinDetailsViewModel.swift in Sources */,
				5543D2EF2ABCB27A002E3668 /* RequestError.swift in Sources */,
				55015D432ABCB1070048553F /* GenericState.swift in Sources */,
				55015D462ABCB1070048553F /* ViewModel.swift in Sources */,
				55015D452ABCB1070048553F /* CustomOperators.swift in Sources */,
				556DC1162ABDB3CE0085D984 /* EmptyViewItems.swift in Sources */,
				5540D7102ABF41D100C081E5 /* CoinDetailsViewController.swift in Sources */,
			);
			runOnlyForDeploymentPostprocessing = 0;
		};
/* End PBXSourcesBuildPhase section */

/* Begin PBXVariantGroup section */
		55015D2A2ABCB0300048553F /* LaunchScreen.storyboard */ = {
			isa = PBXVariantGroup;
			children = (
				55015D2B2ABCB0300048553F /* Base */,
			);
			name = LaunchScreen.storyboard;
			sourceTree = "<group>";
		};
/* End PBXVariantGroup section */

/* Begin XCBuildConfiguration section */
		55015D2E2ABCB0300048553F /* Debug */ = {
			isa = XCBuildConfiguration;
			buildSettings = {
				ALWAYS_SEARCH_USER_PATHS = NO;
				CLANG_ANALYZER_NONNULL = YES;
				CLANG_ANALYZER_NUMBER_OBJECT_CONVERSION = YES_AGGRESSIVE;
				CLANG_CXX_LANGUAGE_STANDARD = "gnu++20";
				CLANG_ENABLE_MODULES = YES;
				CLANG_ENABLE_OBJC_ARC = YES;
				CLANG_ENABLE_OBJC_WEAK = YES;
				CLANG_WARN_BLOCK_CAPTURE_AUTORELEASING = YES;
				CLANG_WARN_BOOL_CONVERSION = YES;
				CLANG_WARN_COMMA = YES;
				CLANG_WARN_CONSTANT_CONVERSION = YES;
				CLANG_WARN_DEPRECATED_OBJC_IMPLEMENTATIONS = YES;
				CLANG_WARN_DIRECT_OBJC_ISA_USAGE = YES_ERROR;
				CLANG_WARN_DOCUMENTATION_COMMENTS = YES;
				CLANG_WARN_EMPTY_BODY = YES;
				CLANG_WARN_ENUM_CONVERSION = YES;
				CLANG_WARN_INFINITE_RECURSION = YES;
				CLANG_WARN_INT_CONVERSION = YES;
				CLANG_WARN_NON_LITERAL_NULL_CONVERSION = YES;
				CLANG_WARN_OBJC_IMPLICIT_RETAIN_SELF = YES;
				CLANG_WARN_OBJC_LITERAL_CONVERSION = YES;
				CLANG_WARN_OBJC_ROOT_CLASS = YES_ERROR;
				CLANG_WARN_QUOTED_INCLUDE_IN_FRAMEWORK_HEADER = YES;
				CLANG_WARN_RANGE_LOOP_ANALYSIS = YES;
				CLANG_WARN_STRICT_PROTOTYPES = YES;
				CLANG_WARN_SUSPICIOUS_MOVE = YES;
				CLANG_WARN_UNGUARDED_AVAILABILITY = YES_AGGRESSIVE;
				CLANG_WARN_UNREACHABLE_CODE = YES;
				CLANG_WARN__DUPLICATE_METHOD_MATCH = YES;
				COPY_PHASE_STRIP = NO;
				DEBUG_INFORMATION_FORMAT = dwarf;
				ENABLE_STRICT_OBJC_MSGSEND = YES;
				ENABLE_TESTABILITY = YES;
				GCC_C_LANGUAGE_STANDARD = gnu11;
				GCC_DYNAMIC_NO_PIC = NO;
				GCC_NO_COMMON_BLOCKS = YES;
				GCC_OPTIMIZATION_LEVEL = 0;
				GCC_PREPROCESSOR_DEFINITIONS = (
					"DEBUG=1",
					"$(inherited)",
				);
				GCC_WARN_64_TO_32_BIT_CONVERSION = YES;
				GCC_WARN_ABOUT_RETURN_TYPE = YES_ERROR;
				GCC_WARN_UNDECLARED_SELECTOR = YES;
				GCC_WARN_UNINITIALIZED_AUTOS = YES_AGGRESSIVE;
				GCC_WARN_UNUSED_FUNCTION = YES;
				GCC_WARN_UNUSED_VARIABLE = YES;
				IPHONEOS_DEPLOYMENT_TARGET = 16.2;
				MTL_ENABLE_DEBUG_INFO = INCLUDE_SOURCE;
				MTL_FAST_MATH = YES;
				ONLY_ACTIVE_ARCH = YES;
				SDKROOT = iphoneos;
				SWIFT_ACTIVE_COMPILATION_CONDITIONS = DEBUG;
				SWIFT_OPTIMIZATION_LEVEL = "-Onone";
			};
			name = Debug;
		};
		55015D2F2ABCB0300048553F /* Release */ = {
			isa = XCBuildConfiguration;
			buildSettings = {
				ALWAYS_SEARCH_USER_PATHS = NO;
				CLANG_ANALYZER_NONNULL = YES;
				CLANG_ANALYZER_NUMBER_OBJECT_CONVERSION = YES_AGGRESSIVE;
				CLANG_CXX_LANGUAGE_STANDARD = "gnu++20";
				CLANG_ENABLE_MODULES = YES;
				CLANG_ENABLE_OBJC_ARC = YES;
				CLANG_ENABLE_OBJC_WEAK = YES;
				CLANG_WARN_BLOCK_CAPTURE_AUTORELEASING = YES;
				CLANG_WARN_BOOL_CONVERSION = YES;
				CLANG_WARN_COMMA = YES;
				CLANG_WARN_CONSTANT_CONVERSION = YES;
				CLANG_WARN_DEPRECATED_OBJC_IMPLEMENTATIONS = YES;
				CLANG_WARN_DIRECT_OBJC_ISA_USAGE = YES_ERROR;
				CLANG_WARN_DOCUMENTATION_COMMENTS = YES;
				CLANG_WARN_EMPTY_BODY = YES;
				CLANG_WARN_ENUM_CONVERSION = YES;
				CLANG_WARN_INFINITE_RECURSION = YES;
				CLANG_WARN_INT_CONVERSION = YES;
				CLANG_WARN_NON_LITERAL_NULL_CONVERSION = YES;
				CLANG_WARN_OBJC_IMPLICIT_RETAIN_SELF = YES;
				CLANG_WARN_OBJC_LITERAL_CONVERSION = YES;
				CLANG_WARN_OBJC_ROOT_CLASS = YES_ERROR;
				CLANG_WARN_QUOTED_INCLUDE_IN_FRAMEWORK_HEADER = YES;
				CLANG_WARN_RANGE_LOOP_ANALYSIS = YES;
				CLANG_WARN_STRICT_PROTOTYPES = YES;
				CLANG_WARN_SUSPICIOUS_MOVE = YES;
				CLANG_WARN_UNGUARDED_AVAILABILITY = YES_AGGRESSIVE;
				CLANG_WARN_UNREACHABLE_CODE = YES;
				CLANG_WARN__DUPLICATE_METHOD_MATCH = YES;
				COPY_PHASE_STRIP = NO;
				DEBUG_INFORMATION_FORMAT = "dwarf-with-dsym";
				ENABLE_NS_ASSERTIONS = NO;
				ENABLE_STRICT_OBJC_MSGSEND = YES;
				GCC_C_LANGUAGE_STANDARD = gnu11;
				GCC_NO_COMMON_BLOCKS = YES;
				GCC_WARN_64_TO_32_BIT_CONVERSION = YES;
				GCC_WARN_ABOUT_RETURN_TYPE = YES_ERROR;
				GCC_WARN_UNDECLARED_SELECTOR = YES;
				GCC_WARN_UNINITIALIZED_AUTOS = YES_AGGRESSIVE;
				GCC_WARN_UNUSED_FUNCTION = YES;
				GCC_WARN_UNUSED_VARIABLE = YES;
				IPHONEOS_DEPLOYMENT_TARGET = 16.2;
				MTL_ENABLE_DEBUG_INFO = NO;
				MTL_FAST_MATH = YES;
				SDKROOT = iphoneos;
				SWIFT_COMPILATION_MODE = wholemodule;
				SWIFT_OPTIMIZATION_LEVEL = "-O";
				VALIDATE_PRODUCT = YES;
			};
			name = Release;
		};
		55015D312ABCB0300048553F /* Debug */ = {
			isa = XCBuildConfiguration;
			buildSettings = {
				ASSETCATALOG_COMPILER_APPICON_NAME = AppIcon;
				ASSETCATALOG_COMPILER_GLOBAL_ACCENT_COLOR_NAME = AccentColor;
				CODE_SIGN_STYLE = Automatic;
				CURRENT_PROJECT_VERSION = 1;
				GENERATE_INFOPLIST_FILE = YES;
				INFOPLIST_FILE = CryptoChu/Info.plist;
				INFOPLIST_KEY_UIApplicationSupportsIndirectInputEvents = YES;
				INFOPLIST_KEY_UILaunchStoryboardName = LaunchScreen;
				INFOPLIST_KEY_UISupportedInterfaceOrientations = UIInterfaceOrientationPortrait;
				INFOPLIST_KEY_UISupportedInterfaceOrientations_iPad = "UIInterfaceOrientationLandscapeLeft UIInterfaceOrientationLandscapeRight UIInterfaceOrientationPortrait UIInterfaceOrientationPortraitUpsideDown";
				LD_RUNPATH_SEARCH_PATHS = (
					"$(inherited)",
					"@executable_path/Frameworks",
				);
				MARKETING_VERSION = 1.0;
				PRODUCT_BUNDLE_IDENTIFIER = com.brsrld.CryptoChu;
				PRODUCT_NAME = "$(TARGET_NAME)";
				SUPPORTED_PLATFORMS = "iphoneos iphonesimulator";
				SUPPORTS_MACCATALYST = NO;
				SUPPORTS_MAC_DESIGNED_FOR_IPHONE_IPAD = NO;
				SWIFT_EMIT_LOC_STRINGS = YES;
				SWIFT_VERSION = 5.0;
				TARGETED_DEVICE_FAMILY = 1;
			};
			name = Debug;
		};
		55015D322ABCB0300048553F /* Release */ = {
			isa = XCBuildConfiguration;
			buildSettings = {
				ASSETCATALOG_COMPILER_APPICON_NAME = AppIcon;
				ASSETCATALOG_COMPILER_GLOBAL_ACCENT_COLOR_NAME = AccentColor;
				CODE_SIGN_STYLE = Automatic;
				CURRENT_PROJECT_VERSION = 1;
				GENERATE_INFOPLIST_FILE = YES;
				INFOPLIST_FILE = CryptoChu/Info.plist;
				INFOPLIST_KEY_UIApplicationSupportsIndirectInputEvents = YES;
				INFOPLIST_KEY_UILaunchStoryboardName = LaunchScreen;
				INFOPLIST_KEY_UISupportedInterfaceOrientations = UIInterfaceOrientationPortrait;
				INFOPLIST_KEY_UISupportedInterfaceOrientations_iPad = "UIInterfaceOrientationLandscapeLeft UIInterfaceOrientationLandscapeRight UIInterfaceOrientationPortrait UIInterfaceOrientationPortraitUpsideDown";
				LD_RUNPATH_SEARCH_PATHS = (
					"$(inherited)",
					"@executable_path/Frameworks",
				);
				MARKETING_VERSION = 1.0;
				PRODUCT_BUNDLE_IDENTIFIER = com.brsrld.CryptoChu;
				PRODUCT_NAME = "$(TARGET_NAME)";
				SUPPORTED_PLATFORMS = "iphoneos iphonesimulator";
				SUPPORTS_MACCATALYST = NO;
				SUPPORTS_MAC_DESIGNED_FOR_IPHONE_IPAD = NO;
				SWIFT_EMIT_LOC_STRINGS = YES;
				SWIFT_VERSION = 5.0;
				TARGETED_DEVICE_FAMILY = 1;
			};
			name = Release;
		};
/* End XCBuildConfiguration section */

/* Begin XCConfigurationList section */
		55015D172ABCB02F0048553F /* Build configuration list for PBXProject "CryptoChu" */ = {
			isa = XCConfigurationList;
			buildConfigurations = (
				55015D2E2ABCB0300048553F /* Debug */,
				55015D2F2ABCB0300048553F /* Release */,
			);
			defaultConfigurationIsVisible = 0;
			defaultConfigurationName = Release;
		};
		55015D302ABCB0300048553F /* Build configuration list for PBXNativeTarget "CryptoChu" */ = {
			isa = XCConfigurationList;
			buildConfigurations = (
				55015D312ABCB0300048553F /* Debug */,
				55015D322ABCB0300048553F /* Release */,
			);
			defaultConfigurationIsVisible = 0;
			defaultConfigurationName = Release;
		};
/* End XCConfigurationList section */

/* Begin XCRemoteSwiftPackageReference section */
		556DC1092ABD9A010085D984 /* XCRemoteSwiftPackageReference "SnapKit" */ = {
			isa = XCRemoteSwiftPackageReference;
			repositoryURL = "https://github.com/SnapKit/SnapKit.git";
			requirement = {
				kind = upToNextMajorVersion;
				minimumVersion = 5.0.0;
			};
		};
/* End XCRemoteSwiftPackageReference section */

/* Begin XCSwiftPackageProductDependency section */
		556DC10A2ABD9A010085D984 /* SnapKit */ = {
			isa = XCSwiftPackageProductDependency;
			package = 556DC1092ABD9A010085D984 /* XCRemoteSwiftPackageReference "SnapKit" */;
			productName = SnapKit;
		};
/* End XCSwiftPackageProductDependency section */
	};
	rootObject = 55015D142ABCB02F0048553F /* Project object */;
}
